
Microsoft Visual Studio Solution File, Format Version 12.00
# Visual Studio 15
VisualStudioVersion = 15.0.27428.1
MinimumVisualStudioVersion = 10.0.40219.1
Project("{FAE04EC0-301F-11D3-BF4B-00C04F79EFBC}") = "VollyTest", "VollyTest\VollyTest.csproj", "{C82E8C6E-B963-4F57-9590-A2DBDE4FB317}"
EndProject
Global
	GlobalSection(SolutionConfigurationPlatforms) = preSolution
		Debug|Any CPU = Debug|Any CPU
		Release|Any CPU = Release|Any CPU
	EndGlobalSection
	GlobalSection(ProjectConfigurationPlatforms) = postSolution
		{C82E8C6E-B963-4F57-9590-A2DBDE4FB317}.Debug|Any CPU.ActiveCfg = Debug|Any CPU
		{C82E8C6E-B963-4F57-9590-A2DBDE4FB317}.Debug|Any CPU.Build.0 = Debug|Any CPU
		{C82E8C6E-B963-4F57-9590-A2DBDE4FB317}.Release|Any CPU.ActiveCfg = Release|Any CPU
		{C82E8C6E-B963-4F57-9590-A2DBDE4FB317}.Release|Any CPU.Build.0 = Release|Any CPU
	EndGlobalSection
	GlobalSection(SolutionProperties) = preSolution
		HideSolutionNode = FALSE
	EndGlobalSection
	GlobalSection(ExtensibilityGlobals) = postSolution
		SolutionGuid = {D2FD701A-0E1C-4986-BE8E-81D7DD041619}
	EndGlobalSection
EndGlobal
